
Microsoft Visual Studio Solution File, Format Version 12.00
# Visual Studio Version 17
VisualStudioVersion = 17.5.002.0
MinimumVisualStudioVersion = 10.0.40219.1
Project("{9A19103F-16F7-4668-BE54-9A1E7A4F7556}") = "PAII-TP-Final", "PAII-TP-Final.csproj", "{899961A1-B095-400F-BD2D-92F0230E1AC2}"
EndProject
Global
	GlobalSection(SolutionConfigurationPlatforms) = preSolution
		Debug|Any CPU = Debug|Any CPU
		Release|Any CPU = Release|Any CPU
	EndGlobalSection
	GlobalSection(ProjectConfigurationPlatforms) = postSolution
		{899961A1-B095-400F-BD2D-92F0230E1AC2}.Debug|Any CPU.ActiveCfg = Debug|Any CPU
		{899961A1-B095-400F-BD2D-92F0230E1AC2}.Debug|Any CPU.Build.0 = Debug|Any CPU
		{899961A1-B095-400F-BD2D-92F0230E1AC2}.Release|Any CPU.ActiveCfg = Release|Any CPU
		{899961A1-B095-400F-BD2D-92F0230E1AC2}.Release|Any CPU.Build.0 = Release|Any CPU
	EndGlobalSection
	GlobalSection(SolutionProperties) = preSolution
		HideSolutionNode = FALSE
	EndGlobalSection
	GlobalSection(ExtensibilityGlobals) = postSolution
		SolutionGuid = {4D77E0B6-018A-4876-B154-3F6893B567AC}
	EndGlobalSection
EndGlobal
